
Microsoft Visual Studio Solution File, Format Version 12.00
Project("{FAE04EC0-301F-11D3-BF4B-00C04F79EFBC}") = "OpenChart.Domain", "OpenChart.Domain\OpenChart.Domain.csproj", "{9E61F3CE-5BDD-4767-AB5C-DEE6E416B129}"
EndProject
Project("{2150E333-8FDC-42A3-9474-1A3956D46DE8}") = "Src", "Src", "{7E922D4D-C261-46F0-B819-4F9A4E218789}"
EndProject
Project("{2150E333-8FDC-42A3-9474-1A3956D46DE8}") = "Core", "Core", "{437635D0-0361-4AAE-A7C9-8011A3DE90D3}"
EndProject
Project("{FAE04EC0-301F-11D3-BF4B-00C04F79EFBC}") = "OpenChart.Domain.Services", "OpenChart.Domain.Services\OpenChart.Domain.Services.csproj", "{F1CCB7B3-C4FE-49C0-B50A-7F4702C3D873}"
EndProject
Project("{FAE04EC0-301F-11D3-BF4B-00C04F79EFBC}") = "OpenChart.Application", "OpenChart.Application\OpenChart.Application.csproj", "{F9B9D143-FFE1-444B-8502-B9EB47021556}"
EndProject
Project("{2150E333-8FDC-42A3-9474-1A3956D46DE8}") = "Persistence", "Persistence", "{E3D3375A-46A4-4E20-8042-76B98B22CC9F}"
EndProject
Project("{FAE04EC0-301F-11D3-BF4B-00C04F79EFBC}") = "OpenChart.Persistence.Mongo", "OpenChart.Persistence.Mongo\OpenChart.Persistence.Mongo.csproj", "{CDFBD52F-10D5-4026-A429-958D29DD9502}"
EndProject
Project("{2150E333-8FDC-42A3-9474-1A3956D46DE8}") = "Tests", "Tests", "{9A1F3417-601D-4B3D-AB6F-05294B25804A}"
EndProject
Project("{FAE04EC0-301F-11D3-BF4B-00C04F79EFBC}") = "OpenChart.Tests.Unit", "..\Tests\OpenChart.Tests.Unit\OpenChart.Tests.Unit.csproj", "{43365121-78DB-403B-A73D-4FB2ABA43F77}"
EndProject
Project("{2150E333-8FDC-42A3-9474-1A3956D46DE8}") = "App", "App", "{D97A17E5-24C7-4480-B7B7-679BEDAB7373}"
EndProject
Project("{FAE04EC0-301F-11D3-BF4B-00C04F79EFBC}") = "OpenChart.CandleCreator", "OpenChart.CandleCreator\OpenChart.CandleCreator.csproj", "{7544BCAF-6300-4A08-A4F5-1EAF8F19CA77}"
EndProject
Global
	GlobalSection(SolutionConfigurationPlatforms) = preSolution
		Debug|Any CPU = Debug|Any CPU
		Release|Any CPU = Release|Any CPU
	EndGlobalSection
	GlobalSection(ProjectConfigurationPlatforms) = postSolution
		{9E61F3CE-5BDD-4767-AB5C-DEE6E416B129}.Debug|Any CPU.ActiveCfg = Debug|Any CPU
		{9E61F3CE-5BDD-4767-AB5C-DEE6E416B129}.Debug|Any CPU.Build.0 = Debug|Any CPU
		{9E61F3CE-5BDD-4767-AB5C-DEE6E416B129}.Release|Any CPU.ActiveCfg = Release|Any CPU
		{9E61F3CE-5BDD-4767-AB5C-DEE6E416B129}.Release|Any CPU.Build.0 = Release|Any CPU
		{F1CCB7B3-C4FE-49C0-B50A-7F4702C3D873}.Debug|Any CPU.ActiveCfg = Debug|Any CPU
		{F1CCB7B3-C4FE-49C0-B50A-7F4702C3D873}.Debug|Any CPU.Build.0 = Debug|Any CPU
		{F1CCB7B3-C4FE-49C0-B50A-7F4702C3D873}.Release|Any CPU.ActiveCfg = Release|Any CPU
		{F1CCB7B3-C4FE-49C0-B50A-7F4702C3D873}.Release|Any CPU.Build.0 = Release|Any CPU
		{F9B9D143-FFE1-444B-8502-B9EB47021556}.Debug|Any CPU.ActiveCfg = Debug|Any CPU
		{F9B9D143-FFE1-444B-8502-B9EB47021556}.Debug|Any CPU.Build.0 = Debug|Any CPU
		{F9B9D143-FFE1-444B-8502-B9EB47021556}.Release|Any CPU.ActiveCfg = Release|Any CPU
		{F9B9D143-FFE1-444B-8502-B9EB47021556}.Release|Any CPU.Build.0 = Release|Any CPU
		{CDFBD52F-10D5-4026-A429-958D29DD9502}.Debug|Any CPU.ActiveCfg = Debug|Any CPU
		{CDFBD52F-10D5-4026-A429-958D29DD9502}.Debug|Any CPU.Build.0 = Debug|Any CPU
		{CDFBD52F-10D5-4026-A429-958D29DD9502}.Release|Any CPU.ActiveCfg = Release|Any CPU
		{CDFBD52F-10D5-4026-A429-958D29DD9502}.Release|Any CPU.Build.0 = Release|Any CPU
		{43365121-78DB-403B-A73D-4FB2ABA43F77}.Debug|Any CPU.ActiveCfg = Debug|Any CPU
		{43365121-78DB-403B-A73D-4FB2ABA43F77}.Debug|Any CPU.Build.0 = Debug|Any CPU
		{43365121-78DB-403B-A73D-4FB2ABA43F77}.Release|Any CPU.ActiveCfg = Release|Any CPU
		{43365121-78DB-403B-A73D-4FB2ABA43F77}.Release|Any CPU.Build.0 = Release|Any CPU
		{7544BCAF-6300-4A08-A4F5-1EAF8F19CA77}.Debug|Any CPU.ActiveCfg = Debug|Any CPU
		{7544BCAF-6300-4A08-A4F5-1EAF8F19CA77}.Debug|Any CPU.Build.0 = Debug|Any CPU
		{7544BCAF-6300-4A08-A4F5-1EAF8F19CA77}.Release|Any CPU.ActiveCfg = Release|Any CPU
		{7544BCAF-6300-4A08-A4F5-1EAF8F19CA77}.Release|Any CPU.Build.0 = Release|Any CPU
	EndGlobalSection
	GlobalSection(NestedProjects) = preSolution
		{437635D0-0361-4AAE-A7C9-8011A3DE90D3} = {7E922D4D-C261-46F0-B819-4F9A4E218789}
		{9E61F3CE-5BDD-4767-AB5C-DEE6E416B129} = {437635D0-0361-4AAE-A7C9-8011A3DE90D3}
		{F1CCB7B3-C4FE-49C0-B50A-7F4702C3D873} = {437635D0-0361-4AAE-A7C9-8011A3DE90D3}
		{F9B9D143-FFE1-444B-8502-B9EB47021556} = {437635D0-0361-4AAE-A7C9-8011A3DE90D3}
		{E3D3375A-46A4-4E20-8042-76B98B22CC9F} = {7E922D4D-C261-46F0-B819-4F9A4E218789}
		{CDFBD52F-10D5-4026-A429-958D29DD9502} = {E3D3375A-46A4-4E20-8042-76B98B22CC9F}
		{43365121-78DB-403B-A73D-4FB2ABA43F77} = {9A1F3417-601D-4B3D-AB6F-05294B25804A}
		{D97A17E5-24C7-4480-B7B7-679BEDAB7373} = {7E922D4D-C261-46F0-B819-4F9A4E218789}
		{7544BCAF-6300-4A08-A4F5-1EAF8F19CA77} = {D97A17E5-24C7-4480-B7B7-679BEDAB7373}
	EndGlobalSection
EndGlobal
