
Microsoft Visual Studio Solution File, Format Version 12.00
Project("{FAE04EC0-301F-11D3-BF4B-00C04F79EFBC}") = "OpenChart.Domain", "OpenChart.Domain\OpenChart.Domain.csproj", "{9E61F3CE-5BDD-4767-AB5C-DEE6E416B129}"
EndProject
Project("{FAE04EC0-301F-11D3-BF4B-00C04F79EFBC}") = "OpenChart.Ddd", "OpenChart.Ddd\OpenChart.Ddd.csproj", "{321C3427-59E1-418E-9F53-C745CF32FB19}"
EndProject
Project("{2150E333-8FDC-42A3-9474-1A3956D46DE8}") = "Src", "Src", "{7E922D4D-C261-46F0-B819-4F9A4E218789}"
EndProject
Project("{2150E333-8FDC-42A3-9474-1A3956D46DE8}") = "Core", "Core", "{437635D0-0361-4AAE-A7C9-8011A3DE90D3}"
EndProject
Project("{2150E333-8FDC-42A3-9474-1A3956D46DE8}") = "Abstract", "Abstract", "{20880F42-D138-48FF-8DE2-611B978F1BA5}"
EndProject
Project("{FAE04EC0-301F-11D3-BF4B-00C04F79EFBC}") = "OpenChart.Domain.Services", "OpenChart.Domain.Services\OpenChart.Domain.Services.csproj", "{F1CCB7B3-C4FE-49C0-B50A-7F4702C3D873}"
EndProject
Global
	GlobalSection(SolutionConfigurationPlatforms) = preSolution
		Debug|Any CPU = Debug|Any CPU
		Release|Any CPU = Release|Any CPU
	EndGlobalSection
	GlobalSection(ProjectConfigurationPlatforms) = postSolution
		{9E61F3CE-5BDD-4767-AB5C-DEE6E416B129}.Debug|Any CPU.ActiveCfg = Debug|Any CPU
		{9E61F3CE-5BDD-4767-AB5C-DEE6E416B129}.Debug|Any CPU.Build.0 = Debug|Any CPU
		{9E61F3CE-5BDD-4767-AB5C-DEE6E416B129}.Release|Any CPU.ActiveCfg = Release|Any CPU
		{9E61F3CE-5BDD-4767-AB5C-DEE6E416B129}.Release|Any CPU.Build.0 = Release|Any CPU
		{321C3427-59E1-418E-9F53-C745CF32FB19}.Debug|Any CPU.ActiveCfg = Debug|Any CPU
		{321C3427-59E1-418E-9F53-C745CF32FB19}.Debug|Any CPU.Build.0 = Debug|Any CPU
		{321C3427-59E1-418E-9F53-C745CF32FB19}.Release|Any CPU.ActiveCfg = Release|Any CPU
		{321C3427-59E1-418E-9F53-C745CF32FB19}.Release|Any CPU.Build.0 = Release|Any CPU
		{F1CCB7B3-C4FE-49C0-B50A-7F4702C3D873}.Debug|Any CPU.ActiveCfg = Debug|Any CPU
		{F1CCB7B3-C4FE-49C0-B50A-7F4702C3D873}.Debug|Any CPU.Build.0 = Debug|Any CPU
		{F1CCB7B3-C4FE-49C0-B50A-7F4702C3D873}.Release|Any CPU.ActiveCfg = Release|Any CPU
		{F1CCB7B3-C4FE-49C0-B50A-7F4702C3D873}.Release|Any CPU.Build.0 = Release|Any CPU
	EndGlobalSection
	GlobalSection(NestedProjects) = preSolution
		{437635D0-0361-4AAE-A7C9-8011A3DE90D3} = {7E922D4D-C261-46F0-B819-4F9A4E218789}
		{20880F42-D138-48FF-8DE2-611B978F1BA5} = {437635D0-0361-4AAE-A7C9-8011A3DE90D3}
		{321C3427-59E1-418E-9F53-C745CF32FB19} = {20880F42-D138-48FF-8DE2-611B978F1BA5}
		{9E61F3CE-5BDD-4767-AB5C-DEE6E416B129} = {437635D0-0361-4AAE-A7C9-8011A3DE90D3}
		{F1CCB7B3-C4FE-49C0-B50A-7F4702C3D873} = {437635D0-0361-4AAE-A7C9-8011A3DE90D3}
	EndGlobalSection
EndGlobal
